
Microsoft Visual Studio Solution File, Format Version 12.00
# Visual Studio Version 16
VisualStudioVersion = 16.0.31729.503
MinimumVisualStudioVersion = 10.0.40219.1
Project("{FAE04EC0-301F-11D3-BF4B-00C04F79EFBC}") = "Tugas", "Tugas.csproj", "{DA961404-112E-48E1-A7E3-F5707DC05A22}"
EndProject
Global
	GlobalSection(SolutionConfigurationPlatforms) = preSolution
		Debug|Any CPU = Debug|Any CPU
		Release|Any CPU = Release|Any CPU
	EndGlobalSection
	GlobalSection(ProjectConfigurationPlatforms) = postSolution
		{DA961404-112E-48E1-A7E3-F5707DC05A22}.Debug|Any CPU.ActiveCfg = Debug|Any CPU
		{DA961404-112E-48E1-A7E3-F5707DC05A22}.Debug|Any CPU.Build.0 = Debug|Any CPU
		{DA961404-112E-48E1-A7E3-F5707DC05A22}.Release|Any CPU.ActiveCfg = Release|Any CPU
		{DA961404-112E-48E1-A7E3-F5707DC05A22}.Release|Any CPU.Build.0 = Release|Any CPU
	EndGlobalSection
	GlobalSection(SolutionProperties) = preSolution
		HideSolutionNode = FALSE
	EndGlobalSection
	GlobalSection(ExtensibilityGlobals) = postSolution
		SolutionGuid = {7D90C2A1-7B96-49AE-BC08-D15B48F0CA12}
	EndGlobalSection
EndGlobal
